// !$*UTF8*$!
{
	archiveVersion = 1;
	classes = {
	};
	objectVersion = 50;
	objects = {

/* Begin PBXBuildFile section */
		E686D3972627DF8A00A7B101 /* AppDelegate.swift in Sources */ = {isa = PBXBuildFile; fileRef = E686D3962627DF8A00A7B101 /* AppDelegate.swift */; };
		E686D3992627DF8A00A7B101 /* SceneDelegate.swift in Sources */ = {isa = PBXBuildFile; fileRef = E686D3982627DF8A00A7B101 /* SceneDelegate.swift */; };
		E686D39B2627DF8A00A7B101 /* ContentView.swift in Sources */ = {isa = PBXBuildFile; fileRef = E686D39A2627DF8A00A7B101 /* ContentView.swift */; };
		E686D39E2627DF8A00A7B101 /* NewsAPI.xcdatamodeld in Sources */ = {isa = PBXBuildFile; fileRef = E686D39C2627DF8A00A7B101 /* NewsAPI.xcdatamodeld */; };
		E686D3A02627DF8C00A7B101 /* Assets.xcassets in Resources */ = {isa = PBXBuildFile; fileRef = E686D39F2627DF8C00A7B101 /* Assets.xcassets */; };
		E686D3A32627DF8C00A7B101 /* Preview Assets.xcassets in Resources */ = {isa = PBXBuildFile; fileRef = E686D3A22627DF8C00A7B101 /* Preview Assets.xcassets */; };
		E686D3A62627DF8C00A7B101 /* LaunchScreen.storyboard in Resources */ = {isa = PBXBuildFile; fileRef = E686D3A42627DF8C00A7B101 /* LaunchScreen.storyboard */; };
/* End PBXBuildFile section */

/* Begin PBXFileReference section */
		E686D3932627DF8A00A7B101 /* NewsAPI.app */ = {isa = PBXFileReference; explicitFileType = wrapper.application; includeInIndex = 0; path = NewsAPI.app; sourceTree = BUILT_PRODUCTS_DIR; };
		E686D3962627DF8A00A7B101 /* AppDelegate.swift */ = {isa = PBXFileReference; lastKnownFileType = sourcecode.swift; path = AppDelegate.swift; sourceTree = "<group>"; };
		E686D3982627DF8A00A7B101 /* SceneDelegate.swift */ = {isa = PBXFileReference; lastKnownFileType = sourcecode.swift; path = SceneDelegate.swift; sourceTree = "<group>"; };
		E686D39A2627DF8A00A7B101 /* ContentView.swift */ = {isa = PBXFileReference; lastKnownFileType = sourcecode.swift; path = ContentView.swift; sourceTree = "<group>"; };
		E686D39D2627DF8A00A7B101 /* NewsAPI.xcdatamodel */ = {isa = PBXFileReference; lastKnownFileType = wrapper.xcdatamodel; path = NewsAPI.xcdatamodel; sourceTree = "<group>"; };
		E686D39F2627DF8C00A7B101 /* Assets.xcassets */ = {isa = PBXFileReference; lastKnownFileType = folder.assetcatalog; path = Assets.xcassets; sourceTree = "<group>"; };
		E686D3A22627DF8C00A7B101 /* Preview Assets.xcassets */ = {isa = PBXFileReference; lastKnownFileType = folder.assetcatalog; path = "Preview Assets.xcassets"; sourceTree = "<group>"; };
		E686D3A52627DF8C00A7B101 /* Base */ = {isa = PBXFileReference; lastKnownFileType = file.storyboard; name = Base; path = Base.lproj/LaunchScreen.storyboard; sourceTree = "<group>"; };
		E686D3A72627DF8C00A7B101 /* Info.plist */ = {isa = PBXFileReference; lastKnownFileType = text.plist.xml; path = Info.plist; sourceTree = "<group>"; };
/* End PBXFileReference section */

/* Begin PBXFrameworksBuildPhase section */
		E686D3902627DF8A00A7B101 /* Frameworks */ = {
			isa = PBXFrameworksBuildPhase;
			buildActionMask = 2147483647;
			files = (
			);
			runOnlyForDeploymentPostprocessing = 0;
		};
/* End PBXFrameworksBuildPhase section */

/* Begin PBXGroup section */
		E686D38A2627DF8A00A7B101 = {
			isa = PBXGroup;
			children = (
				E686D3952627DF8A00A7B101 /* NewsAPI */,
				E686D3942627DF8A00A7B101 /* Products */,
			);
			sourceTree = "<group>";
		};
		E686D3942627DF8A00A7B101 /* Products */ = {
			isa = PBXGroup;
			children = (
				E686D3932627DF8A00A7B101 /* NewsAPI.app */,
			);
			name = Products;
			sourceTree = "<group>";
		};
		E686D3952627DF8A00A7B101 /* NewsAPI */ = {
			isa = PBXGroup;
			children = (
				E686D3962627DF8A00A7B101 /* AppDelegate.swift */,
				E686D3982627DF8A00A7B101 /* SceneDelegate.swift */,
				E686D39A2627DF8A00A7B101 /* ContentView.swift */,
				E686D39F2627DF8C00A7B101 /* Assets.xcassets */,
				E686D3A42627DF8C00A7B101 /* LaunchScreen.storyboard */,
				E686D3A72627DF8C00A7B101 /* Info.plist */,
				E686D39C2627DF8A00A7B101 /* NewsAPI.xcdatamodeld */,
				E686D3A12627DF8C00A7B101 /* Preview Content */,
			);
			path = NewsAPI;
			sourceTree = "<group>";
		};
		E686D3A12627DF8C00A7B101 /* Preview Content */ = {
			isa = PBXGroup;
			children = (
				E686D3A22627DF8C00A7B101 /* Preview Assets.xcassets */,
			);
			path = "Preview Content";
			sourceTree = "<group>";
		};
/* End PBXGroup section */

/* Begin PBXNativeTarget section */
		E686D3922627DF8A00A7B101 /* NewsAPI */ = {
			isa = PBXNativeTarget;
			buildConfigurationList = E686D3AA2627DF8C00A7B101 /* Build configuration list for PBXNativeTarget "NewsAPI" */;
			buildPhases = (
				E686D38F2627DF8A00A7B101 /* Sources */,
				E686D3902627DF8A00A7B101 /* Frameworks */,
				E686D3912627DF8A00A7B101 /* Resources */,
			);
			buildRules = (
			);
			dependencies = (
			);
			name = NewsAPI;
			productName = NewsAPI;
			productReference = E686D3932627DF8A00A7B101 /* NewsAPI.app */;
			productType = "com.apple.product-type.application";
		};
/* End PBXNativeTarget section */

/* Begin PBXProject section */
		E686D38B2627DF8A00A7B101 /* Project object */ = {
			isa = PBXProject;
			attributes = {
				LastSwiftUpdateCheck = 1240;
				LastUpgradeCheck = 1240;
				TargetAttributes = {
					E686D3922627DF8A00A7B101 = {
						CreatedOnToolsVersion = 12.4;
					};
				};
			};
			buildConfigurationList = E686D38E2627DF8A00A7B101 /* Build configuration list for PBXProject "NewsAPI" */;
			compatibilityVersion = "Xcode 9.3";
			developmentRegion = en;
			hasScannedForEncodings = 0;
			knownRegions = (
				en,
				Base,
			);
			mainGroup = E686D38A2627DF8A00A7B101;
			productRefGroup = E686D3942627DF8A00A7B101 /* Products */;
			projectDirPath = "";
			projectRoot = "";
			targets = (
				E686D3922627DF8A00A7B101 /* NewsAPI */,
			);
		};
/* End PBXProject section */

/* Begin PBXResourcesBuildPhase section */
		E686D3912627DF8A00A7B101 /* Resources */ = {
			isa = PBXResourcesBuildPhase;
			buildActionMask = 2147483647;
			files = (
				E686D3A62627DF8C00A7B101 /* LaunchScreen.storyboard in Resources */,
				E686D3A32627DF8C00A7B101 /* Preview Assets.xcassets in Resources */,
				E686D3A02627DF8C00A7B101 /* Assets.xcassets in Resources */,
			);
			runOnlyForDeploymentPostprocessing = 0;
		};
/* End PBXResourcesBuildPhase section */

/* Begin PBXSourcesBuildPhase section */
		E686D38F2627DF8A00A7B101 /* Sources */ = {
			isa = PBXSourcesBuildPhase;
			buildActionMask = 2147483647;
			files = (
				E686D3972627DF8A00A7B101 /* AppDelegate.swift in Sources */,
				E686D3992627DF8A00A7B101 /* SceneDelegate.swift in Sources */,
				E686D39B2627DF8A00A7B101 /* ContentView.swift in Sources */,
				E686D39E2627DF8A00A7B101 /* NewsAPI.xcdatamodeld in Sources */,
			);
			runOnlyForDeploymentPostprocessing = 0;
		};
/* End PBXSourcesBuildPhase section */

/* Begin PBXVariantGroup section */
		E686D3A42627DF8C00A7B101 /* LaunchScreen.storyboard */ = {
			isa = PBXVariantGroup;
			children = (
				E686D3A52627DF8C00A7B101 /* Base */,
			);
			name = LaunchScreen.storyboard;
			sourceTree = "<group>";
		};
/* End PBXVariantGroup section */

/* Begin XCBuildConfiguration section */
		E686D3A82627DF8C00A7B101 /* Debug */ = {
			isa = XCBuildConfiguration;
			buildSettings = {
				ALWAYS_SEARCH_USER_PATHS = NO;
				CLANG_ANALYZER_NONNULL = YES;
				CLANG_ANALYZER_NUMBER_OBJECT_CONVERSION = YES_AGGRESSIVE;
				CLANG_CXX_LANGUAGE_STANDARD = "gnu++14";
				CLANG_CXX_LIBRARY = "libc++";
				CLANG_ENABLE_MODULES = YES;
				CLANG_ENABLE_OBJC_ARC = YES;
				CLANG_ENABLE_OBJC_WEAK = YES;
				CLANG_WARN_BLOCK_CAPTURE_AUTORELEASING = YES;
				CLANG_WARN_BOOL_CONVERSION = YES;
				CLANG_WARN_COMMA = YES;
				CLANG_WARN_CONSTANT_CONVERSION = YES;
				CLANG_WARN_DEPRECATED_OBJC_IMPLEMENTATIONS = YES;
				CLANG_WARN_DIRECT_OBJC_ISA_USAGE = YES_ERROR;
				CLANG_WARN_DOCUMENTATION_COMMENTS = YES;
				CLANG_WARN_EMPTY_BODY = YES;
				CLANG_WARN_ENUM_CONVERSION = YES;
				CLANG_WARN_INFINITE_RECURSION = YES;
				CLANG_WARN_INT_CONVERSION = YES;
				CLANG_WARN_NON_LITERAL_NULL_CONVERSION = YES;
				CLANG_WARN_OBJC_IMPLICIT_RETAIN_SELF = YES;
				CLANG_WARN_OBJC_LITERAL_CONVERSION = YES;
				CLANG_WARN_OBJC_ROOT_CLASS = YES_ERROR;
				CLANG_WARN_QUOTED_INCLUDE_IN_FRAMEWORK_HEADER = YES;
				CLANG_WARN_RANGE_LOOP_ANALYSIS = YES;
				CLANG_WARN_STRICT_PROTOTYPES = YES;
				CLANG_WARN_SUSPICIOUS_MOVE = YES;
				CLANG_WARN_UNGUARDED_AVAILABILITY = YES_AGGRESSIVE;
				CLANG_WARN_UNREACHABLE_CODE = YES;
				CLANG_WARN__DUPLICATE_METHOD_MATCH = YES;
				COPY_PHASE_STRIP = NO;
				DEBUG_INFORMATION_FORMAT = dwarf;
				ENABLE_STRICT_OBJC_MSGSEND = YES;
				ENABLE_TESTABILITY = YES;
				GCC_C_LANGUAGE_STANDARD = gnu11;
				GCC_DYNAMIC_NO_PIC = NO;
				GCC_NO_COMMON_BLOCKS = YES;
				GCC_OPTIMIZATION_LEVEL = 0;
				GCC_PREPROCESSOR_DEFINITIONS = (
					"DEBUG=1",
					"$(inherited)",
				);
				GCC_WARN_64_TO_32_BIT_CONVERSION = YES;
				GCC_WARN_ABOUT_RETURN_TYPE = YES_ERROR;
				GCC_WARN_UNDECLARED_SELECTOR = YES;
				GCC_WARN_UNINITIALIZED_AUTOS = YES_AGGRESSIVE;
				GCC_WARN_UNUSED_FUNCTION = YES;
				GCC_WARN_UNUSED_VARIABLE = YES;
				IPHONEOS_DEPLOYMENT_TARGET = 14.4;
				MTL_ENABLE_DEBUG_INFO = INCLUDE_SOURCE;
				MTL_FAST_MATH = YES;
				ONLY_ACTIVE_ARCH = YES;
				SDKROOT = iphoneos;
				SWIFT_ACTIVE_COMPILATION_CONDITIONS = DEBUG;
				SWIFT_OPTIMIZATION_LEVEL = "-Onone";
			};
			name = Debug;
		};
		E686D3A92627DF8C00A7B101 /* Release */ = {
			isa = XCBuildConfiguration;
			buildSettings = {
				ALWAYS_SEARCH_USER_PATHS = NO;
				CLANG_ANALYZER_NONNULL = YES;
				CLANG_ANALYZER_NUMBER_OBJECT_CONVERSION = YES_AGGRESSIVE;
				CLANG_CXX_LANGUAGE_STANDARD = "gnu++14";
				CLANG_CXX_LIBRARY = "libc++";
				CLANG_ENABLE_MODULES = YES;
				CLANG_ENABLE_OBJC_ARC = YES;
				CLANG_ENABLE_OBJC_WEAK = YES;
				CLANG_WARN_BLOCK_CAPTURE_AUTORELEASING = YES;
				CLANG_WARN_BOOL_CONVERSION = YES;
				CLANG_WARN_COMMA = YES;
				CLANG_WARN_CONSTANT_CONVERSION = YES;
				CLANG_WARN_DEPRECATED_OBJC_IMPLEMENTATIONS = YES;
				CLANG_WARN_DIRECT_OBJC_ISA_USAGE = YES_ERROR;
				CLANG_WARN_DOCUMENTATION_COMMENTS = YES;
				CLANG_WARN_EMPTY_BODY = YES;
				CLANG_WARN_ENUM_CONVERSION = YES;
				CLANG_WARN_INFINITE_RECURSION = YES;
				CLANG_WARN_INT_CONVERSION = YES;
				CLANG_WARN_NON_LITERAL_NULL_CONVERSION = YES;
				CLANG_WARN_OBJC_IMPLICIT_RETAIN_SELF = YES;
				CLANG_WARN_OBJC_LITERAL_CONVERSION = YES;
				CLANG_WARN_OBJC_ROOT_CLASS = YES_ERROR;
				CLANG_WARN_QUOTED_INCLUDE_IN_FRAMEWORK_HEADER = YES;
				CLANG_WARN_RANGE_LOOP_ANALYSIS = YES;
				CLANG_WARN_STRICT_PROTOTYPES = YES;
				CLANG_WARN_SUSPICIOUS_MOVE = YES;
				CLANG_WARN_UNGUARDED_AVAILABILITY = YES_AGGRESSIVE;
				CLANG_WARN_UNREACHABLE_CODE = YES;
				CLANG_WARN__DUPLICATE_METHOD_MATCH = YES;
				COPY_PHASE_STRIP = NO;
				DEBUG_INFORMATION_FORMAT = "dwarf-with-dsym";
				ENABLE_NS_ASSERTIONS = NO;
				ENABLE_STRICT_OBJC_MSGSEND = YES;
				GCC_C_LANGUAGE_STANDARD = gnu11;
				GCC_NO_COMMON_BLOCKS = YES;
				GCC_WARN_64_TO_32_BIT_CONVERSION = YES;
				GCC_WARN_ABOUT_RETURN_TYPE = YES_ERROR;
				GCC_WARN_UNDECLARED_SELECTOR = YES;
				GCC_WARN_UNINITIALIZED_AUTOS = YES_AGGRESSIVE;
				GCC_WARN_UNUSED_FUNCTION = YES;
				GCC_WARN_UNUSED_VARIABLE = YES;
				IPHONEOS_DEPLOYMENT_TARGET = 14.4;
				MTL_ENABLE_DEBUG_INFO = NO;
				MTL_FAST_MATH = YES;
				SDKROOT = iphoneos;
				SWIFT_COMPILATION_MODE = wholemodule;
				SWIFT_OPTIMIZATION_LEVEL = "-O";
				VALIDATE_PRODUCT = YES;
			};
			name = Release;
		};
		E686D3AB2627DF8C00A7B101 /* Debug */ = {
			isa = XCBuildConfiguration;
			buildSettings = {
				ASSETCATALOG_COMPILER_APPICON_NAME = AppIcon;
				ASSETCATALOG_COMPILER_GLOBAL_ACCENT_COLOR_NAME = AccentColor;
				CODE_SIGN_STYLE = Automatic;
				DEVELOPMENT_ASSET_PATHS = "\"NewsAPI/Preview Content\"";
				DEVELOPMENT_TEAM = DFLMAHM5B7;
				ENABLE_PREVIEWS = YES;
				INFOPLIST_FILE = NewsAPI/Info.plist;
				LD_RUNPATH_SEARCH_PATHS = (
					"$(inherited)",
					"@executable_path/Frameworks",
				);
				PRODUCT_BUNDLE_IDENTIFIER = NeoFact.com.NewsAPI;
				PRODUCT_NAME = "$(TARGET_NAME)";
				SWIFT_VERSION = 5.0;
				TARGETED_DEVICE_FAMILY = "1,2";
			};
			name = Debug;
		};
		E686D3AC2627DF8C00A7B101 /* Release */ = {
			isa = XCBuildConfiguration;
			buildSettings = {
				ASSETCATALOG_COMPILER_APPICON_NAME = AppIcon;
				ASSETCATALOG_COMPILER_GLOBAL_ACCENT_COLOR_NAME = AccentColor;
				CODE_SIGN_STYLE = Automatic;
				DEVELOPMENT_ASSET_PATHS = "\"NewsAPI/Preview Content\"";
				DEVELOPMENT_TEAM = DFLMAHM5B7;
				ENABLE_PREVIEWS = YES;
				INFOPLIST_FILE = NewsAPI/Info.plist;
				LD_RUNPATH_SEARCH_PATHS = (
					"$(inherited)",
					"@executable_path/Frameworks",
				);
				PRODUCT_BUNDLE_IDENTIFIER = NeoFact.com.NewsAPI;
				PRODUCT_NAME = "$(TARGET_NAME)";
				SWIFT_VERSION = 5.0;
				TARGETED_DEVICE_FAMILY = "1,2";
			};
			name = Release;
		};
/* End XCBuildConfiguration section */

/* Begin XCConfigurationList section */
		E686D38E2627DF8A00A7B101 /* Build configuration list for PBXProject "NewsAPI" */ = {
			isa = XCConfigurationList;
			buildConfigurations = (
				E686D3A82627DF8C00A7B101 /* Debug */,
				E686D3A92627DF8C00A7B101 /* Release */,
			);
			defaultConfigurationIsVisible = 0;
			defaultConfigurationName = Release;
		};
		E686D3AA2627DF8C00A7B101 /* Build configuration list for PBXNativeTarget "NewsAPI" */ = {
			isa = XCConfigurationList;
			buildConfigurations = (
				E686D3AB2627DF8C00A7B101 /* Debug */,
				E686D3AC2627DF8C00A7B101 /* Release */,
			);
			defaultConfigurationIsVisible = 0;
			defaultConfigurationName = Release;
		};
/* End XCConfigurationList section */

/* Begin XCVersionGroup section */
		E686D39C2627DF8A00A7B101 /* NewsAPI.xcdatamodeld */ = {
			isa = XCVersionGroup;
			children = (
				E686D39D2627DF8A00A7B101 /* NewsAPI.xcdatamodel */,
			);
			currentVersion = E686D39D2627DF8A00A7B101 /* NewsAPI.xcdatamodel */;
			path = NewsAPI.xcdatamodeld;
			sourceTree = "<group>";
			versionGroupType = wrapper.xcdatamodel;
		};
/* End XCVersionGroup section */
	};
	rootObject = E686D38B2627DF8A00A7B101 /* Project object */;
}
