// !$*UTF8*$!
{
	archiveVersion = 1;
	classes = {
	};
	objectVersion = 52;
	objects = {

/* Begin PBXBuildFile section */
		E633967E2631199B00B9EC15 /* SearchViewModel.swift in Sources */ = {isa = PBXBuildFile; fileRef = E633967D2631199B00B9EC15 /* SearchViewModel.swift */; };
		E633968226311B5A00B9EC15 /* SearchList.swift in Sources */ = {isa = PBXBuildFile; fileRef = E633968126311B5A00B9EC15 /* SearchList.swift */; };
		E686D3972627DF8A00A7B101 /* AppDelegate.swift in Sources */ = {isa = PBXBuildFile; fileRef = E686D3962627DF8A00A7B101 /* AppDelegate.swift */; };
		E686D3992627DF8A00A7B101 /* SceneDelegate.swift in Sources */ = {isa = PBXBuildFile; fileRef = E686D3982627DF8A00A7B101 /* SceneDelegate.swift */; };
		E686D39B2627DF8A00A7B101 /* ContentView.swift in Sources */ = {isa = PBXBuildFile; fileRef = E686D39A2627DF8A00A7B101 /* ContentView.swift */; };
		E686D39E2627DF8A00A7B101 /* NewsAPI.xcdatamodeld in Sources */ = {isa = PBXBuildFile; fileRef = E686D39C2627DF8A00A7B101 /* NewsAPI.xcdatamodeld */; };
		E686D3A02627DF8C00A7B101 /* Assets.xcassets in Resources */ = {isa = PBXBuildFile; fileRef = E686D39F2627DF8C00A7B101 /* Assets.xcassets */; };
		E686D3A32627DF8C00A7B101 /* Preview Assets.xcassets in Resources */ = {isa = PBXBuildFile; fileRef = E686D3A22627DF8C00A7B101 /* Preview Assets.xcassets */; };
		E686D3A62627DF8C00A7B101 /* LaunchScreen.storyboard in Resources */ = {isa = PBXBuildFile; fileRef = E686D3A42627DF8C00A7B101 /* LaunchScreen.storyboard */; };
		E686D3B22627E1F300A7B101 /* News.swift in Sources */ = {isa = PBXBuildFile; fileRef = E686D3B12627E1F300A7B101 /* News.swift */; };
		E686D3BC2627E26B00A7B101 /* NewsList.swift in Sources */ = {isa = PBXBuildFile; fileRef = E686D3BB2627E26B00A7B101 /* NewsList.swift */; };
		E686D3BF2627E28100A7B101 /* NewsDetail.swift in Sources */ = {isa = PBXBuildFile; fileRef = E686D3BE2627E28100A7B101 /* NewsDetail.swift */; };
		E686D3C22627E28E00A7B101 /* Profile.swift in Sources */ = {isa = PBXBuildFile; fileRef = E686D3C12627E28E00A7B101 /* Profile.swift */; };
		E686D3C62627E86600A7B101 /* NewsViewModel.swift in Sources */ = {isa = PBXBuildFile; fileRef = E686D3C52627E86600A7B101 /* NewsViewModel.swift */; };
		E687A838262E7A6500563B06 /* FavoriteNews+CoreDataClass.swift in Sources */ = {isa = PBXBuildFile; fileRef = E687A836262E7A6500563B06 /* FavoriteNews+CoreDataClass.swift */; };
		E687A839262E7A6500563B06 /* FavoriteNews+CoreDataProperties.swift in Sources */ = {isa = PBXBuildFile; fileRef = E687A837262E7A6500563B06 /* FavoriteNews+CoreDataProperties.swift */; };
		E687A83F262E841300563B06 /* FavoriteNewsList.swift in Sources */ = {isa = PBXBuildFile; fileRef = E687A83E262E841300563B06 /* FavoriteNewsList.swift */; };
		E687A843262E854000563B06 /* FavoriteNewsDetail.swift in Sources */ = {isa = PBXBuildFile; fileRef = E687A842262E854000563B06 /* FavoriteNewsDetail.swift */; };
		E6FB2957262917900054B24C /* SwiftyJSON in Frameworks */ = {isa = PBXBuildFile; productRef = E6FB2956262917900054B24C /* SwiftyJSON */; };
		E6FB295B26291A050054B24C /* SDWebImageSwiftUI in Frameworks */ = {isa = PBXBuildFile; productRef = E6FB295A26291A050054B24C /* SDWebImageSwiftUI */; };
/* End PBXBuildFile section */

/* Begin PBXFileReference section */
		E633967D2631199B00B9EC15 /* SearchViewModel.swift */ = {isa = PBXFileReference; lastKnownFileType = sourcecode.swift; path = SearchViewModel.swift; sourceTree = "<group>"; };
		E633968126311B5A00B9EC15 /* SearchList.swift */ = {isa = PBXFileReference; lastKnownFileType = sourcecode.swift; path = SearchList.swift; sourceTree = "<group>"; };
		E686D3932627DF8A00A7B101 /* NewsAPI.app */ = {isa = PBXFileReference; explicitFileType = wrapper.application; includeInIndex = 0; path = NewsAPI.app; sourceTree = BUILT_PRODUCTS_DIR; };
		E686D3962627DF8A00A7B101 /* AppDelegate.swift */ = {isa = PBXFileReference; lastKnownFileType = sourcecode.swift; path = AppDelegate.swift; sourceTree = "<group>"; };
		E686D3982627DF8A00A7B101 /* SceneDelegate.swift */ = {isa = PBXFileReference; lastKnownFileType = sourcecode.swift; path = SceneDelegate.swift; sourceTree = "<group>"; };
		E686D39A2627DF8A00A7B101 /* ContentView.swift */ = {isa = PBXFileReference; lastKnownFileType = sourcecode.swift; path = ContentView.swift; sourceTree = "<group>"; };
		E686D39D2627DF8A00A7B101 /* NewsAPI.xcdatamodel */ = {isa = PBXFileReference; lastKnownFileType = wrapper.xcdatamodel; path = NewsAPI.xcdatamodel; sourceTree = "<group>"; };
		E686D39F2627DF8C00A7B101 /* Assets.xcassets */ = {isa = PBXFileReference; lastKnownFileType = folder.assetcatalog; path = Assets.xcassets; sourceTree = "<group>"; };
		E686D3A22627DF8C00A7B101 /* Preview Assets.xcassets */ = {isa = PBXFileReference; lastKnownFileType = folder.assetcatalog; path = "Preview Assets.xcassets"; sourceTree = "<group>"; };
		E686D3A52627DF8C00A7B101 /* Base */ = {isa = PBXFileReference; lastKnownFileType = file.storyboard; name = Base; path = Base.lproj/LaunchScreen.storyboard; sourceTree = "<group>"; };
		E686D3A72627DF8C00A7B101 /* Info.plist */ = {isa = PBXFileReference; lastKnownFileType = text.plist.xml; path = Info.plist; sourceTree = "<group>"; };
		E686D3B12627E1F300A7B101 /* News.swift */ = {isa = PBXFileReference; lastKnownFileType = sourcecode.swift; path = News.swift; sourceTree = "<group>"; };
		E686D3BB2627E26B00A7B101 /* NewsList.swift */ = {isa = PBXFileReference; lastKnownFileType = sourcecode.swift; path = NewsList.swift; sourceTree = "<group>"; };
		E686D3BE2627E28100A7B101 /* NewsDetail.swift */ = {isa = PBXFileReference; lastKnownFileType = sourcecode.swift; path = NewsDetail.swift; sourceTree = "<group>"; };
		E686D3C12627E28E00A7B101 /* Profile.swift */ = {isa = PBXFileReference; lastKnownFileType = sourcecode.swift; path = Profile.swift; sourceTree = "<group>"; };
		E686D3C52627E86600A7B101 /* NewsViewModel.swift */ = {isa = PBXFileReference; lastKnownFileType = sourcecode.swift; path = NewsViewModel.swift; sourceTree = "<group>"; };
		E687A836262E7A6500563B06 /* FavoriteNews+CoreDataClass.swift */ = {isa = PBXFileReference; lastKnownFileType = sourcecode.swift; path = "FavoriteNews+CoreDataClass.swift"; sourceTree = SOURCE_ROOT; };
		E687A837262E7A6500563B06 /* FavoriteNews+CoreDataProperties.swift */ = {isa = PBXFileReference; lastKnownFileType = sourcecode.swift; path = "FavoriteNews+CoreDataProperties.swift"; sourceTree = SOURCE_ROOT; };
		E687A83E262E841300563B06 /* FavoriteNewsList.swift */ = {isa = PBXFileReference; lastKnownFileType = sourcecode.swift; path = FavoriteNewsList.swift; sourceTree = "<group>"; };
		E687A842262E854000563B06 /* FavoriteNewsDetail.swift */ = {isa = PBXFileReference; lastKnownFileType = sourcecode.swift; path = FavoriteNewsDetail.swift; sourceTree = "<group>"; };
/* End PBXFileReference section */

/* Begin PBXFrameworksBuildPhase section */
		E686D3902627DF8A00A7B101 /* Frameworks */ = {
			isa = PBXFrameworksBuildPhase;
			buildActionMask = 2147483647;
			files = (
				E6FB295B26291A050054B24C /* SDWebImageSwiftUI in Frameworks */,
				E6FB2957262917900054B24C /* SwiftyJSON in Frameworks */,
			);
			runOnlyForDeploymentPostprocessing = 0;
		};
/* End PBXFrameworksBuildPhase section */

/* Begin PBXGroup section */
		E633968026311B4200B9EC15 /* Search */ = {
			isa = PBXGroup;
			children = (
				E633968126311B5A00B9EC15 /* SearchList.swift */,
			);
			path = Search;
			sourceTree = "<group>";
		};
		E686D38A2627DF8A00A7B101 = {
			isa = PBXGroup;
			children = (
				E686D3952627DF8A00A7B101 /* NewsAPI */,
				E686D3942627DF8A00A7B101 /* Products */,
			);
			sourceTree = "<group>";
		};
		E686D3942627DF8A00A7B101 /* Products */ = {
			isa = PBXGroup;
			children = (
				E686D3932627DF8A00A7B101 /* NewsAPI.app */,
			);
			name = Products;
			sourceTree = "<group>";
		};
		E686D3952627DF8A00A7B101 /* NewsAPI */ = {
			isa = PBXGroup;
			children = (
				E686D3AE2627E0BF00A7B101 /* Base */,
				E6F11243262D5B1300798C82 /* CoreData */,
				E686D3B42627E20300A7B101 /* ViewModel */,
				E686D3B02627E0D200A7B101 /* Model */,
				E686D3B92627E23D00A7B101 /* View */,
				E686D3A42627DF8C00A7B101 /* LaunchScreen.storyboard */,
				E686D39F2627DF8C00A7B101 /* Assets.xcassets */,
				E686D3A72627DF8C00A7B101 /* Info.plist */,
				E686D3A12627DF8C00A7B101 /* Preview Content */,
			);
			path = NewsAPI;
			sourceTree = "<group>";
		};
		E686D3A12627DF8C00A7B101 /* Preview Content */ = {
			isa = PBXGroup;
			children = (
				E686D3A22627DF8C00A7B101 /* Preview Assets.xcassets */,
			);
			path = "Preview Content";
			sourceTree = "<group>";
		};
		E686D3AE2627E0BF00A7B101 /* Base */ = {
			isa = PBXGroup;
			children = (
				E686D3962627DF8A00A7B101 /* AppDelegate.swift */,
				E686D3982627DF8A00A7B101 /* SceneDelegate.swift */,
			);
			path = Base;
			sourceTree = "<group>";
		};
		E686D3B02627E0D200A7B101 /* Model */ = {
			isa = PBXGroup;
			children = (
				E686D3B12627E1F300A7B101 /* News.swift */,
			);
			path = Model;
			sourceTree = "<group>";
		};
		E686D3B42627E20300A7B101 /* ViewModel */ = {
			isa = PBXGroup;
			children = (
				E686D3C52627E86600A7B101 /* NewsViewModel.swift */,
				E633967D2631199B00B9EC15 /* SearchViewModel.swift */,
			);
			path = ViewModel;
			sourceTree = "<group>";
		};
		E686D3B92627E23D00A7B101 /* View */ = {
			isa = PBXGroup;
			children = (
				E686D39A2627DF8A00A7B101 /* ContentView.swift */,
				E633968026311B4200B9EC15 /* Search */,
				E687A83D262E83F300563B06 /* Favorite */,
				E687A82A262E769400563B06 /* Home */,
				E687A82C262E769E00563B06 /* Profile */,
			);
			path = View;
			sourceTree = "<group>";
		};
		E687A82A262E769400563B06 /* Home */ = {
			isa = PBXGroup;
			children = (
				E686D3BB2627E26B00A7B101 /* NewsList.swift */,
				E686D3BE2627E28100A7B101 /* NewsDetail.swift */,
			);
			path = Home;
			sourceTree = "<group>";
		};
		E687A82C262E769E00563B06 /* Profile */ = {
			isa = PBXGroup;
			children = (
				E686D3C12627E28E00A7B101 /* Profile.swift */,
			);
			path = Profile;
			sourceTree = "<group>";
		};
		E687A83D262E83F300563B06 /* Favorite */ = {
			isa = PBXGroup;
			children = (
				E687A83E262E841300563B06 /* FavoriteNewsList.swift */,
				E687A842262E854000563B06 /* FavoriteNewsDetail.swift */,
			);
			path = Favorite;
			sourceTree = "<group>";
		};
		E6F11243262D5B1300798C82 /* CoreData */ = {
			isa = PBXGroup;
			children = (
				E687A836262E7A6500563B06 /* FavoriteNews+CoreDataClass.swift */,
				E687A837262E7A6500563B06 /* FavoriteNews+CoreDataProperties.swift */,
				E686D39C2627DF8A00A7B101 /* NewsAPI.xcdatamodeld */,
			);
			path = CoreData;
			sourceTree = "<group>";
		};
/* End PBXGroup section */

/* Begin PBXNativeTarget section */
		E686D3922627DF8A00A7B101 /* NewsAPI */ = {
			isa = PBXNativeTarget;
			buildConfigurationList = E686D3AA2627DF8C00A7B101 /* Build configuration list for PBXNativeTarget "NewsAPI" */;
			buildPhases = (
				E686D38F2627DF8A00A7B101 /* Sources */,
				E686D3902627DF8A00A7B101 /* Frameworks */,
				E686D3912627DF8A00A7B101 /* Resources */,
			);
			buildRules = (
			);
			dependencies = (
			);
			name = NewsAPI;
			packageProductDependencies = (
				E6FB2956262917900054B24C /* SwiftyJSON */,
				E6FB295A26291A050054B24C /* SDWebImageSwiftUI */,
			);
			productName = NewsAPI;
			productReference = E686D3932627DF8A00A7B101 /* NewsAPI.app */;
			productType = "com.apple.product-type.application";
		};
/* End PBXNativeTarget section */

/* Begin PBXProject section */
		E686D38B2627DF8A00A7B101 /* Project object */ = {
			isa = PBXProject;
			attributes = {
				LastSwiftUpdateCheck = 1240;
				LastUpgradeCheck = 1240;
				TargetAttributes = {
					E686D3922627DF8A00A7B101 = {
						CreatedOnToolsVersion = 12.4;
					};
				};
			};
			buildConfigurationList = E686D38E2627DF8A00A7B101 /* Build configuration list for PBXProject "NewsAPI" */;
			compatibilityVersion = "Xcode 9.3";
			developmentRegion = en;
			hasScannedForEncodings = 0;
			knownRegions = (
				en,
				Base,
			);
			mainGroup = E686D38A2627DF8A00A7B101;
			packageReferences = (
				E6FB2955262917900054B24C /* XCRemoteSwiftPackageReference "SwiftyJSON" */,
				E6FB295926291A050054B24C /* XCRemoteSwiftPackageReference "SDWebImageSwiftUI" */,
			);
			productRefGroup = E686D3942627DF8A00A7B101 /* Products */;
			projectDirPath = "";
			projectRoot = "";
			targets = (
				E686D3922627DF8A00A7B101 /* NewsAPI */,
			);
		};
/* End PBXProject section */

/* Begin PBXResourcesBuildPhase section */
		E686D3912627DF8A00A7B101 /* Resources */ = {
			isa = PBXResourcesBuildPhase;
			buildActionMask = 2147483647;
			files = (
				E686D3A62627DF8C00A7B101 /* LaunchScreen.storyboard in Resources */,
				E686D3A32627DF8C00A7B101 /* Preview Assets.xcassets in Resources */,
				E686D3A02627DF8C00A7B101 /* Assets.xcassets in Resources */,
			);
			runOnlyForDeploymentPostprocessing = 0;
		};
/* End PBXResourcesBuildPhase section */

/* Begin PBXSourcesBuildPhase section */
		E686D38F2627DF8A00A7B101 /* Sources */ = {
			isa = PBXSourcesBuildPhase;
			buildActionMask = 2147483647;
			files = (
				E686D3972627DF8A00A7B101 /* AppDelegate.swift in Sources */,
				E686D3C62627E86600A7B101 /* NewsViewModel.swift in Sources */,
				E687A83F262E841300563B06 /* FavoriteNewsList.swift in Sources */,
				E686D3BC2627E26B00A7B101 /* NewsList.swift in Sources */,
				E686D3BF2627E28100A7B101 /* NewsDetail.swift in Sources */,
				E687A838262E7A6500563B06 /* FavoriteNews+CoreDataClass.swift in Sources */,
				E686D3992627DF8A00A7B101 /* SceneDelegate.swift in Sources */,
				E687A843262E854000563B06 /* FavoriteNewsDetail.swift in Sources */,
				E633968226311B5A00B9EC15 /* SearchList.swift in Sources */,
				E633967E2631199B00B9EC15 /* SearchViewModel.swift in Sources */,
				E686D39B2627DF8A00A7B101 /* ContentView.swift in Sources */,
				E686D3B22627E1F300A7B101 /* News.swift in Sources */,
				E686D3C22627E28E00A7B101 /* Profile.swift in Sources */,
				E686D39E2627DF8A00A7B101 /* NewsAPI.xcdatamodeld in Sources */,
				E687A839262E7A6500563B06 /* FavoriteNews+CoreDataProperties.swift in Sources */,
			);
			runOnlyForDeploymentPostprocessing = 0;
		};
/* End PBXSourcesBuildPhase section */

/* Begin PBXVariantGroup section */
		E686D3A42627DF8C00A7B101 /* LaunchScreen.storyboard */ = {
			isa = PBXVariantGroup;
			children = (
				E686D3A52627DF8C00A7B101 /* Base */,
			);
			name = LaunchScreen.storyboard;
			sourceTree = "<group>";
		};
/* End PBXVariantGroup section */

/* Begin XCBuildConfiguration section */
		E686D3A82627DF8C00A7B101 /* Debug */ = {
			isa = XCBuildConfiguration;
			buildSettings = {
				ALWAYS_SEARCH_USER_PATHS = NO;
				CLANG_ANALYZER_NONNULL = YES;
				CLANG_ANALYZER_NUMBER_OBJECT_CONVERSION = YES_AGGRESSIVE;
				CLANG_CXX_LANGUAGE_STANDARD = "gnu++14";
				CLANG_CXX_LIBRARY = "libc++";
				CLANG_ENABLE_MODULES = YES;
				CLANG_ENABLE_OBJC_ARC = YES;
				CLANG_ENABLE_OBJC_WEAK = YES;
				CLANG_WARN_BLOCK_CAPTURE_AUTORELEASING = YES;
				CLANG_WARN_BOOL_CONVERSION = YES;
				CLANG_WARN_COMMA = YES;
				CLANG_WARN_CONSTANT_CONVERSION = YES;
				CLANG_WARN_DEPRECATED_OBJC_IMPLEMENTATIONS = YES;
				CLANG_WARN_DIRECT_OBJC_ISA_USAGE = YES_ERROR;
				CLANG_WARN_DOCUMENTATION_COMMENTS = YES;
				CLANG_WARN_EMPTY_BODY = YES;
				CLANG_WARN_ENUM_CONVERSION = YES;
				CLANG_WARN_INFINITE_RECURSION = YES;
				CLANG_WARN_INT_CONVERSION = YES;
				CLANG_WARN_NON_LITERAL_NULL_CONVERSION = YES;
				CLANG_WARN_OBJC_IMPLICIT_RETAIN_SELF = YES;
				CLANG_WARN_OBJC_LITERAL_CONVERSION = YES;
				CLANG_WARN_OBJC_ROOT_CLASS = YES_ERROR;
				CLANG_WARN_QUOTED_INCLUDE_IN_FRAMEWORK_HEADER = YES;
				CLANG_WARN_RANGE_LOOP_ANALYSIS = YES;
				CLANG_WARN_STRICT_PROTOTYPES = YES;
				CLANG_WARN_SUSPICIOUS_MOVE = YES;
				CLANG_WARN_UNGUARDED_AVAILABILITY = YES_AGGRESSIVE;
				CLANG_WARN_UNREACHABLE_CODE = YES;
				CLANG_WARN__DUPLICATE_METHOD_MATCH = YES;
				COPY_PHASE_STRIP = NO;
				DEBUG_INFORMATION_FORMAT = dwarf;
				ENABLE_STRICT_OBJC_MSGSEND = YES;
				ENABLE_TESTABILITY = YES;
				GCC_C_LANGUAGE_STANDARD = gnu11;
				GCC_DYNAMIC_NO_PIC = NO;
				GCC_NO_COMMON_BLOCKS = YES;
				GCC_OPTIMIZATION_LEVEL = 0;
				GCC_PREPROCESSOR_DEFINITIONS = (
					"DEBUG=1",
					"$(inherited)",
				);
				GCC_WARN_64_TO_32_BIT_CONVERSION = YES;
				GCC_WARN_ABOUT_RETURN_TYPE = YES_ERROR;
				GCC_WARN_UNDECLARED_SELECTOR = YES;
				GCC_WARN_UNINITIALIZED_AUTOS = YES_AGGRESSIVE;
				GCC_WARN_UNUSED_FUNCTION = YES;
				GCC_WARN_UNUSED_VARIABLE = YES;
				IPHONEOS_DEPLOYMENT_TARGET = 14.4;
				MTL_ENABLE_DEBUG_INFO = INCLUDE_SOURCE;
				MTL_FAST_MATH = YES;
				ONLY_ACTIVE_ARCH = YES;
				SDKROOT = iphoneos;
				SWIFT_ACTIVE_COMPILATION_CONDITIONS = DEBUG;
				SWIFT_OPTIMIZATION_LEVEL = "-Onone";
			};
			name = Debug;
		};
		E686D3A92627DF8C00A7B101 /* Release */ = {
			isa = XCBuildConfiguration;
			buildSettings = {
				ALWAYS_SEARCH_USER_PATHS = NO;
				CLANG_ANALYZER_NONNULL = YES;
				CLANG_ANALYZER_NUMBER_OBJECT_CONVERSION = YES_AGGRESSIVE;
				CLANG_CXX_LANGUAGE_STANDARD = "gnu++14";
				CLANG_CXX_LIBRARY = "libc++";
				CLANG_ENABLE_MODULES = YES;
				CLANG_ENABLE_OBJC_ARC = YES;
				CLANG_ENABLE_OBJC_WEAK = YES;
				CLANG_WARN_BLOCK_CAPTURE_AUTORELEASING = YES;
				CLANG_WARN_BOOL_CONVERSION = YES;
				CLANG_WARN_COMMA = YES;
				CLANG_WARN_CONSTANT_CONVERSION = YES;
				CLANG_WARN_DEPRECATED_OBJC_IMPLEMENTATIONS = YES;
				CLANG_WARN_DIRECT_OBJC_ISA_USAGE = YES_ERROR;
				CLANG_WARN_DOCUMENTATION_COMMENTS = YES;
				CLANG_WARN_EMPTY_BODY = YES;
				CLANG_WARN_ENUM_CONVERSION = YES;
				CLANG_WARN_INFINITE_RECURSION = YES;
				CLANG_WARN_INT_CONVERSION = YES;
				CLANG_WARN_NON_LITERAL_NULL_CONVERSION = YES;
				CLANG_WARN_OBJC_IMPLICIT_RETAIN_SELF = YES;
				CLANG_WARN_OBJC_LITERAL_CONVERSION = YES;
				CLANG_WARN_OBJC_ROOT_CLASS = YES_ERROR;
				CLANG_WARN_QUOTED_INCLUDE_IN_FRAMEWORK_HEADER = YES;
				CLANG_WARN_RANGE_LOOP_ANALYSIS = YES;
				CLANG_WARN_STRICT_PROTOTYPES = YES;
				CLANG_WARN_SUSPICIOUS_MOVE = YES;
				CLANG_WARN_UNGUARDED_AVAILABILITY = YES_AGGRESSIVE;
				CLANG_WARN_UNREACHABLE_CODE = YES;
				CLANG_WARN__DUPLICATE_METHOD_MATCH = YES;
				COPY_PHASE_STRIP = NO;
				DEBUG_INFORMATION_FORMAT = "dwarf-with-dsym";
				ENABLE_NS_ASSERTIONS = NO;
				ENABLE_STRICT_OBJC_MSGSEND = YES;
				GCC_C_LANGUAGE_STANDARD = gnu11;
				GCC_NO_COMMON_BLOCKS = YES;
				GCC_WARN_64_TO_32_BIT_CONVERSION = YES;
				GCC_WARN_ABOUT_RETURN_TYPE = YES_ERROR;
				GCC_WARN_UNDECLARED_SELECTOR = YES;
				GCC_WARN_UNINITIALIZED_AUTOS = YES_AGGRESSIVE;
				GCC_WARN_UNUSED_FUNCTION = YES;
				GCC_WARN_UNUSED_VARIABLE = YES;
				IPHONEOS_DEPLOYMENT_TARGET = 14.4;
				MTL_ENABLE_DEBUG_INFO = NO;
				MTL_FAST_MATH = YES;
				SDKROOT = iphoneos;
				SWIFT_COMPILATION_MODE = wholemodule;
				SWIFT_OPTIMIZATION_LEVEL = "-O";
				VALIDATE_PRODUCT = YES;
			};
			name = Release;
		};
		E686D3AB2627DF8C00A7B101 /* Debug */ = {
			isa = XCBuildConfiguration;
			buildSettings = {
				ASSETCATALOG_COMPILER_APPICON_NAME = AppIcon;
				ASSETCATALOG_COMPILER_GLOBAL_ACCENT_COLOR_NAME = AccentColor;
				CODE_SIGN_STYLE = Automatic;
				DEVELOPMENT_ASSET_PATHS = "\"NewsAPI/Preview Content\"";
				DEVELOPMENT_TEAM = DFLMAHM5B7;
				ENABLE_PREVIEWS = YES;
				INFOPLIST_FILE = NewsAPI/Info.plist;
				LD_RUNPATH_SEARCH_PATHS = (
					"$(inherited)",
					"@executable_path/Frameworks",
				);
				PRODUCT_BUNDLE_IDENTIFIER = NeoFact.com.NewsAPI;
				PRODUCT_NAME = "$(TARGET_NAME)";
				SWIFT_VERSION = 5.0;
				TARGETED_DEVICE_FAMILY = "1,2";
			};
			name = Debug;
		};
		E686D3AC2627DF8C00A7B101 /* Release */ = {
			isa = XCBuildConfiguration;
			buildSettings = {
				ASSETCATALOG_COMPILER_APPICON_NAME = AppIcon;
				ASSETCATALOG_COMPILER_GLOBAL_ACCENT_COLOR_NAME = AccentColor;
				CODE_SIGN_STYLE = Automatic;
				DEVELOPMENT_ASSET_PATHS = "\"NewsAPI/Preview Content\"";
				DEVELOPMENT_TEAM = DFLMAHM5B7;
				ENABLE_PREVIEWS = YES;
				INFOPLIST_FILE = NewsAPI/Info.plist;
				LD_RUNPATH_SEARCH_PATHS = (
					"$(inherited)",
					"@executable_path/Frameworks",
				);
				PRODUCT_BUNDLE_IDENTIFIER = NeoFact.com.NewsAPI;
				PRODUCT_NAME = "$(TARGET_NAME)";
				SWIFT_VERSION = 5.0;
				TARGETED_DEVICE_FAMILY = "1,2";
			};
			name = Release;
		};
/* End XCBuildConfiguration section */

/* Begin XCConfigurationList section */
		E686D38E2627DF8A00A7B101 /* Build configuration list for PBXProject "NewsAPI" */ = {
			isa = XCConfigurationList;
			buildConfigurations = (
				E686D3A82627DF8C00A7B101 /* Debug */,
				E686D3A92627DF8C00A7B101 /* Release */,
			);
			defaultConfigurationIsVisible = 0;
			defaultConfigurationName = Release;
		};
		E686D3AA2627DF8C00A7B101 /* Build configuration list for PBXNativeTarget "NewsAPI" */ = {
			isa = XCConfigurationList;
			buildConfigurations = (
				E686D3AB2627DF8C00A7B101 /* Debug */,
				E686D3AC2627DF8C00A7B101 /* Release */,
			);
			defaultConfigurationIsVisible = 0;
			defaultConfigurationName = Release;
		};
/* End XCConfigurationList section */

/* Begin XCRemoteSwiftPackageReference section */
		E6FB2955262917900054B24C /* XCRemoteSwiftPackageReference "SwiftyJSON" */ = {
			isa = XCRemoteSwiftPackageReference;
			repositoryURL = "https://github.com/SwiftyJSON/SwiftyJSON.git";
			requirement = {
				kind = upToNextMajorVersion;
				minimumVersion = 5.0.1;
			};
		};
		E6FB295926291A050054B24C /* XCRemoteSwiftPackageReference "SDWebImageSwiftUI" */ = {
			isa = XCRemoteSwiftPackageReference;
			repositoryURL = "https://github.com/SDWebImage/SDWebImageSwiftUI.git";
			requirement = {
				kind = upToNextMajorVersion;
				minimumVersion = 2.0.2;
			};
		};
/* End XCRemoteSwiftPackageReference section */

/* Begin XCSwiftPackageProductDependency section */
		E6FB2956262917900054B24C /* SwiftyJSON */ = {
			isa = XCSwiftPackageProductDependency;
			package = E6FB2955262917900054B24C /* XCRemoteSwiftPackageReference "SwiftyJSON" */;
			productName = SwiftyJSON;
		};
		E6FB295A26291A050054B24C /* SDWebImageSwiftUI */ = {
			isa = XCSwiftPackageProductDependency;
			package = E6FB295926291A050054B24C /* XCRemoteSwiftPackageReference "SDWebImageSwiftUI" */;
			productName = SDWebImageSwiftUI;
		};
/* End XCSwiftPackageProductDependency section */

/* Begin XCVersionGroup section */
		E686D39C2627DF8A00A7B101 /* NewsAPI.xcdatamodeld */ = {
			isa = XCVersionGroup;
			children = (
				E686D39D2627DF8A00A7B101 /* NewsAPI.xcdatamodel */,
			);
			currentVersion = E686D39D2627DF8A00A7B101 /* NewsAPI.xcdatamodel */;
			path = NewsAPI.xcdatamodeld;
			sourceTree = "<group>";
			versionGroupType = wrapper.xcdatamodel;
		};
/* End XCVersionGroup section */
	};
	rootObject = E686D38B2627DF8A00A7B101 /* Project object */;
}
